# THIS IS AN AUTOGENERATED FILE. DO NOT EDIT THIS FILE DIRECTLY.
# yarn lockfile v1


"@types/jquery@^3.3.32":
  version "3.3.32"
  resolved "http://toolfront.fenxianglife.com:80/npm/@types%2fjquery/-/jquery-3.3.32.tgz#93e27fdc45dd38ee07f2f0acf34b59c1ccee036f"
  integrity sha512-UKoof2mnV/X1/Ix2g+V2Ny5sgHjV8nK/UJbiYxuo4zPwzGyFlZ/mp4KaePb2VqQrqJctmcDQNA57buU84/2uIw==
  dependencies:
    "@types/sizzle" "*"

"@types/sizzle@*":
  version "2.3.2"
  resolved "http://toolfront.fenxianglife.com:80/npm/@types%2fsizzle/-/sizzle-2.3.2.tgz#a811b8c18e2babab7d542b3365887ae2e4d9de47"
  integrity sha512-7EJYyKTL7tFR8+gDbB6Wwz/arpGa0Mywk1TJbNzKzHtzbwVmY4HR9WqS5VV7dsBUKQmPNr192jHr/VpBluj/hg==

typescript@^3.7.5:
  version "3.7.5"
  resolved "http://toolfront.fenxianglife.com:80/npm/typescript/-/typescript-3.7.5.tgz#0692e21f65fd4108b9330238aac11dd2e177a1ae"
  integrity sha512-/P5lkRXkWHNAbcJIiHPfRoKqyd7bsyCma1hZNUGfn20qm64T6ZBlrzprymeu918H+mB/0rIg2gGK/BXkhhYgBw==
